dependencies:
- name: frontend
  repository: file://./charts/frontend
  version: 0.1.0
- name: backend
  repository: file://./charts/backend
  version: 0.1.0
- name: database
  repository: file://./charts/database
  version: 0.1.0
digest: sha256:3cbf5c5411dbe6e0ae232bcf02adfc8b0932cac5b37feb04887bbf0b7f2a5176
generated: "2026-05-08T19:35:02.921050825+05:30"
